<?xml version="1.0" encoding="utf-8"?>
<Project ToolsVersion="4.0" xmlns="http://schemas.microsoft.com/developer/msbuild/2003">
  <ItemGroup>
    <ApplicationDefinition Include="App.xaml" />
  </ItemGroup>
  <ItemGroup>
    <Page Include="MainWindow.xaml" />
    <Page Include="TheoryPage.xaml">
      <Filter>Pages</Filter>
    </Page>
    <Page Include="ExamControlHostPage.xaml">
      <Filter>Pages</Filter>
    </Page>
    <Page Include="TitlePage.xaml">
      <Filter>Pages</Filter>
    </Page>
    <Page Include="ExamStartPage.xaml">
      <Filter>Pages\Exam</Filter>
    </Page>
    <Page Include="ExamQuestionPage.xaml">
      <Filter>Pages\Exam</Filter>
    </Page>
    <Page Include="ExamResultsPage.xaml">
      <Filter>Pages\Exam</Filter>
    </Page>
    <Page Include="ExamQuestionHostPage.xaml">
      <Filter>Pages\Exam</Filter>
    </Page>
  </ItemGroup>
  <ItemGroup>
    <Midl Include="App.idl" />
    <Midl Include="MainWindow.idl" />
    <Midl Include="TheoryChapter.idl">
      <Filter>Theory Structures</Filter>
    </Midl>
    <Midl Include="ExamAnswer.idl">
      <Filter>Exam Structures</Filter>
    </Midl>
    <Midl Include="ExamController.idl">
      <Filter>Exam Structures</Filter>
    </Midl>
    <Midl Include="ExamQuestion.idl">
      <Filter>Exam Structures</Filter>
    </Midl>
    <Midl Include="ExamControlAction.idl">
      <Filter>Exam Structures</Filter>
    </Midl>
    <Midl Include="ExamQuestionType.idl">
      <Filter>Exam Structures</Filter>
    </Midl>
  </ItemGroup>
  <ItemGroup>
    <ClCompile Include="pch.cpp" />
    <ClCompile Include="$(GeneratedFilesDir)module.g.cpp" />
    <ClCompile Include="sqlite3.c">
      <Filter>External Libraries\SQLite</Filter>
    </ClCompile>
    <ClCompile Include="TheoryChapter.cpp">
      <Filter>Theory Structures</Filter>
    </ClCompile>
    <ClCompile Include="WinUIEx.cpp">
      <Filter>WinUIEx</Filter>
    </ClCompile>
    <ClCompile Include="ExamAnswer.cpp">
      <Filter>Exam Structures</Filter>
    </ClCompile>
    <ClCompile Include="ExamController.cpp">
      <Filter>Exam Structures</Filter>
    </ClCompile>
    <ClCompile Include="ExamQuestion.cpp">
      <Filter>Exam Structures</Filter>
    </ClCompile>
  </ItemGroup>
  <ItemGroup>
    <ClInclude Include="pch.h" />
    <ClInclude Include="sqlite3.h">
      <Filter>External Libraries\SQLite</Filter>
    </ClInclude>
    <ClInclude Include="TheoryChapter.h">
      <Filter>Theory Structures</Filter>
    </ClInclude>
    <ClInclude Include="WinUIEx.h">
      <Filter>WinUIEx</Filter>
    </ClInclude>
    <ClInclude Include="ExamAnswer.h">
      <Filter>Exam Structures</Filter>
    </ClInclude>
    <ClInclude Include="ExamController.h">
      <Filter>Exam Structures</Filter>
    </ClInclude>
    <ClInclude Include="ExamQuestion.h">
      <Filter>Exam Structures</Filter>
    </ClInclude>
  </ItemGroup>
  <ItemGroup>
    <Image Include="Assets\Wide310x150Logo.scale-200.png">
      <Filter>Assets</Filter>
    </Image>
    <Image Include="Assets\StoreLogo.png">
      <Filter>Assets</Filter>
    </Image>
    <Image Include="Assets\Square150x150Logo.scale-200.png">
      <Filter>Assets</Filter>
    </Image>
    <Image Include="Assets\Square44x44Logo.targetsize-24_altform-unplated.png">
      <Filter>Assets</Filter>
    </Image>
    <Image Include="Assets\Square44x44Logo.scale-200.png">
      <Filter>Assets</Filter>
    </Image>
    <Image Include="Assets\SplashScreen.scale-200.png">
      <Filter>Assets</Filter>
    </Image>
    <Image Include="Assets\LockScreenLogo.scale-200.png">
      <Filter>Assets</Filter>
    </Image>
    <Image Include="Assets\Square44x44Logo.scale-200.ico">
      <Filter>Assets</Filter>
    </Image>
  </ItemGroup>
  <ItemGroup>
    <Filter Include="Assets">
      <UniqueIdentifier>{3ca8f487-19c3-4672-af6e-ca004337bda9}</UniqueIdentifier>
    </Filter>
    <Filter Include="Pages">
      <UniqueIdentifier>{1d4be319-da60-4a52-a500-0903696070b6}</UniqueIdentifier>
    </Filter>
    <Filter Include="Theory Structures">
      <UniqueIdentifier>{1f4a205c-a1fe-42c4-bba5-6261ac86d2e9}</UniqueIdentifier>
    </Filter>
    <Filter Include="WinUIEx">
      <UniqueIdentifier>{9cdd6f28-6122-427a-90f6-59a2e384d022}</UniqueIdentifier>
    </Filter>
    <Filter Include="Pages\Exam">
      <UniqueIdentifier>{2d1e641a-d1b2-485e-9b54-28044a8c5e8d}</UniqueIdentifier>
    </Filter>
    <Filter Include="Exam Structures">
      <UniqueIdentifier>{159081ea-17cd-45cc-a4ed-b3cc9addb721}</UniqueIdentifier>
    </Filter>
    <Filter Include="External Libraries">
      <UniqueIdentifier>{81bd7ac7-c498-4f22-a220-999862689b21}</UniqueIdentifier>
    </Filter>
    <Filter Include="External Libraries\SQLite">
      <UniqueIdentifier>{f543e8d8-4fe5-4cf2-99e7-228a1b22bcc4}</UniqueIdentifier>
    </Filter>
  </ItemGroup>
  <ItemGroup>
    <Manifest Include="app.manifest" />
  </ItemGroup>
  <ItemGroup>
    <None Include="packages.config" />
  </ItemGroup>
  <ItemGroup>
    <Natvis Include="$(MSBuildThisFileDirectory)..\..\natvis\wil.natvis" />
  </ItemGroup>
  <ItemGroup>
    <CopyFileToFolders Include="data.db" />
  </ItemGroup>
</Project>